// !$*UTF8*$!
{
	archiveVersion = 1;
	classes = {
	};
	objectVersion = 51;
	objects = {

/* Begin PBXBuildFile section */
		476340EA23AB48E900466118 /* AppDelegate.swift in Sources */ = {isa = PBXBuildFile; fileRef = 476340E923AB48E900466118 /* AppDelegate.swift */; };
		476340EC23AB48E900466118 /* SceneDelegate.swift in Sources */ = {isa = PBXBuildFile; fileRef = 476340EB23AB48E900466118 /* SceneDelegate.swift */; };
		476340EE23AB48E900466118 /* ViewController.swift in Sources */ = {isa = PBXBuildFile; fileRef = 476340ED23AB48E900466118 /* ViewController.swift */; };
		476340F123AB48E900466118 /* Main.storyboard in Resources */ = {isa = PBXBuildFile; fileRef = 476340EF23AB48E900466118 /* Main.storyboard */; };
		476340F323AB48ED00466118 /* Assets.xcassets in Resources */ = {isa = PBXBuildFile; fileRef = 476340F223AB48ED00466118 /* Assets.xcassets */; };
		476340F623AB48EE00466118 /* LaunchScreen.storyboard in Resources */ = {isa = PBXBuildFile; fileRef = 476340F423AB48EE00466118 /* LaunchScreen.storyboard */; };
		4763410323AB6FB900466118 /* NotificationCenter.framework in Frameworks */ = {isa = PBXBuildFile; fileRef = 4763410223AB6FB900466118 /* NotificationCenter.framework */; };
		4763410623AB6FB900466118 /* TodayViewController.swift in Sources */ = {isa = PBXBuildFile; fileRef = 4763410523AB6FB900466118 /* TodayViewController.swift */; };
		4763410923AB6FB900466118 /* MainInterface.storyboard in Resources */ = {isa = PBXBuildFile; fileRef = 4763410723AB6FB900466118 /* MainInterface.storyboard */; };
		4763410D23AB6FB900466118 /* Test.appex in Embed App Extensions */ = {isa = PBXBuildFile; fileRef = 4763410123AB6FB900466118 /* Test.appex */; settings = {ATTRIBUTES = (RemoveHeadersOnCopy, ); }; };
		79799F29F2BE9A5680F350D0 /* Pods_TestMap.framework in Frameworks */ = {isa = PBXBuildFile; fileRef = F874C6A6ABBA44974A629060 /* Pods_TestMap.framework */; };
/* End PBXBuildFile section */

/* Begin PBXContainerItemProxy section */
		4763410B23AB6FB900466118 /* PBXContainerItemProxy */ = {
			isa = PBXContainerItemProxy;
			containerPortal = 476340DE23AB48E900466118 /* Project object */;
			proxyType = 1;
			remoteGlobalIDString = 4763410023AB6FB900466118;
			remoteInfo = Test;
		};
/* End PBXContainerItemProxy section */

/* Begin PBXCopyFilesBuildPhase section */
		4763411123AB6FB900466118 /* Embed App Extensions */ = {
			isa = PBXCopyFilesBuildPhase;
			buildActionMask = 2147483647;
			dstPath = "";
			dstSubfolderSpec = 13;
			files = (
				4763410D23AB6FB900466118 /* Test.appex in Embed App Extensions */,
			);
			name = "Embed App Extensions";
			runOnlyForDeploymentPostprocessing = 0;
		};
/* End PBXCopyFilesBuildPhase section */

/* Begin PBXFileReference section */
		32E14B0A9CF852392B29974E /* Pods-TestMap.release.xcconfig */ = {isa = PBXFileReference; includeInIndex = 1; lastKnownFileType = text.xcconfig; name = "Pods-TestMap.release.xcconfig"; path = "Target Support Files/Pods-TestMap/Pods-TestMap.release.xcconfig"; sourceTree = "<group>"; };
		476340E623AB48E900466118 /* TestMap.app */ = {isa = PBXFileReference; explicitFileType = wrapper.application; includeInIndex = 0; path = TestMap.app; sourceTree = BUILT_PRODUCTS_DIR; };
		476340E923AB48E900466118 /* AppDelegate.swift */ = {isa = PBXFileReference; lastKnownFileType = sourcecode.swift; path = AppDelegate.swift; sourceTree = "<group>"; };
		476340EB23AB48E900466118 /* SceneDelegate.swift */ = {isa = PBXFileReference; lastKnownFileType = sourcecode.swift; path = SceneDelegate.swift; sourceTree = "<group>"; };
		476340ED23AB48E900466118 /* ViewController.swift */ = {isa = PBXFileReference; lastKnownFileType = sourcecode.swift; path = ViewController.swift; sourceTree = "<group>"; };
		476340F023AB48E900466118 /* Base */ = {isa = PBXFileReference; lastKnownFileType = file.storyboard; name = Base; path = Base.lproj/Main.storyboard; sourceTree = "<group>"; };
		476340F223AB48ED00466118 /* Assets.xcassets */ = {isa = PBXFileReference; lastKnownFileType = folder.assetcatalog; path = Assets.xcassets; sourceTree = "<group>"; };
		476340F523AB48EE00466118 /* Base */ = {isa = PBXFileReference; lastKnownFileType = file.storyboard; name = Base; path = Base.lproj/LaunchScreen.storyboard; sourceTree = "<group>"; };
		476340F723AB48EE00466118 /* Info.plist */ = {isa = PBXFileReference; lastKnownFileType = text.plist.xml; path = Info.plist; sourceTree = "<group>"; };
		4763410123AB6FB900466118 /* Test.appex */ = {isa = PBXFileReference; explicitFileType = "wrapper.app-extension"; includeInIndex = 0; path = Test.appex; sourceTree = BUILT_PRODUCTS_DIR; };
		4763410223AB6FB900466118 /* NotificationCenter.framework */ = {isa = PBXFileReference; lastKnownFileType = wrapper.framework; name = NotificationCenter.framework; path = System/Library/Frameworks/NotificationCenter.framework; sourceTree = SDKROOT; };
		4763410523AB6FB900466118 /* TodayViewController.swift */ = {isa = PBXFileReference; lastKnownFileType = sourcecode.swift; path = TodayViewController.swift; sourceTree = "<group>"; };
		4763410823AB6FB900466118 /* Base */ = {isa = PBXFileReference; lastKnownFileType = file.storyboard; name = Base; path = Base.lproj/MainInterface.storyboard; sourceTree = "<group>"; };
		4763410A23AB6FB900466118 /* Info.plist */ = {isa = PBXFileReference; lastKnownFileType = text.plist.xml; path = Info.plist; sourceTree = "<group>"; };
		4763411223AB6FDF00466118 /* TestMap.entitlements */ = {isa = PBXFileReference; lastKnownFileType = text.plist.entitlements; path = TestMap.entitlements; sourceTree = "<group>"; };
		F75DC5731EFD95805CCD1736 /* Pods-TestMap.debug.xcconfig */ = {isa = PBXFileReference; includeInIndex = 1; lastKnownFileType = text.xcconfig; name = "Pods-TestMap.debug.xcconfig"; path = "Target Support Files/Pods-TestMap/Pods-TestMap.debug.xcconfig"; sourceTree = "<group>"; };
		F874C6A6ABBA44974A629060 /* Pods_TestMap.framework */ = {isa = PBXFileReference; explicitFileType = wrapper.framework; includeInIndex = 0; path = Pods_TestMap.framework; sourceTree = BUILT_PRODUCTS_DIR; };
/* End PBXFileReference section */

/* Begin PBXFrameworksBuildPhase section */
		476340E323AB48E900466118 /* Frameworks */ = {
			isa = PBXFrameworksBuildPhase;
			buildActionMask = 2147483647;
			files = (
				79799F29F2BE9A5680F350D0 /* Pods_TestMap.framework in Frameworks */,
			);
			runOnlyForDeploymentPostprocessing = 0;
		};
		476340FE23AB6FB900466118 /* Frameworks */ = {
			isa = PBXFrameworksBuildPhase;
			buildActionMask = 2147483647;
			files = (
				4763410323AB6FB900466118 /* NotificationCenter.framework in Frameworks */,
			);
			runOnlyForDeploymentPostprocessing = 0;
		};
/* End PBXFrameworksBuildPhase section */

/* Begin PBXGroup section */
		16936EE950313465A7AD3E9D /* Pods */ = {
			isa = PBXGroup;
			children = (
				F75DC5731EFD95805CCD1736 /* Pods-TestMap.debug.xcconfig */,
				32E14B0A9CF852392B29974E /* Pods-TestMap.release.xcconfig */,
			);
			path = Pods;
			sourceTree = "<group>";
		};
		476340DD23AB48E900466118 = {
			isa = PBXGroup;
			children = (
				476340E823AB48E900466118 /* TestMap */,
				4763410423AB6FB900466118 /* Test */,
				476340E723AB48E900466118 /* Products */,
				16936EE950313465A7AD3E9D /* Pods */,
				96946F558079CCFF59606AAB /* Frameworks */,
			);
			sourceTree = "<group>";
		};
		476340E723AB48E900466118 /* Products */ = {
			isa = PBXGroup;
			children = (
				476340E623AB48E900466118 /* TestMap.app */,
				4763410123AB6FB900466118 /* Test.appex */,
			);
			name = Products;
			sourceTree = "<group>";
		};
		476340E823AB48E900466118 /* TestMap */ = {
			isa = PBXGroup;
			children = (
				4763411223AB6FDF00466118 /* TestMap.entitlements */,
				476340E923AB48E900466118 /* AppDelegate.swift */,
				476340EB23AB48E900466118 /* SceneDelegate.swift */,
				476340ED23AB48E900466118 /* ViewController.swift */,
				476340EF23AB48E900466118 /* Main.storyboard */,
				476340F223AB48ED00466118 /* Assets.xcassets */,
				476340F423AB48EE00466118 /* LaunchScreen.storyboard */,
				476340F723AB48EE00466118 /* Info.plist */,
			);
			path = TestMap;
			sourceTree = "<group>";
		};
		4763410423AB6FB900466118 /* Test */ = {
			isa = PBXGroup;
			children = (
				4763410523AB6FB900466118 /* TodayViewController.swift */,
				4763410723AB6FB900466118 /* MainInterface.storyboard */,
				4763410A23AB6FB900466118 /* Info.plist */,
			);
			path = Test;
			sourceTree = "<group>";
		};
		96946F558079CCFF59606AAB /* Frameworks */ = {
			isa = PBXGroup;
			children = (
				F874C6A6ABBA44974A629060 /* Pods_TestMap.framework */,
				4763410223AB6FB900466118 /* NotificationCenter.framework */,
			);
			name = Frameworks;
			sourceTree = "<group>";
		};
/* End PBXGroup section */

/* Begin PBXNativeTarget section */
		476340E523AB48E900466118 /* TestMap */ = {
			isa = PBXNativeTarget;
			buildConfigurationList = 476340FA23AB48EE00466118 /* Build configuration list for PBXNativeTarget "TestMap" */;
			buildPhases = (
				50D09EF1A0FF417018040DDD /* [CP] Check Pods Manifest.lock */,
				476340E223AB48E900466118 /* Sources */,
				476340E323AB48E900466118 /* Frameworks */,
				476340E423AB48E900466118 /* Resources */,
				DCE62C99B7082CC4519D8CB0 /* [CP] Copy Pods Resources */,
				4763411123AB6FB900466118 /* Embed App Extensions */,
			);
			buildRules = (
			);
			dependencies = (
				4763410C23AB6FB900466118 /* PBXTargetDependency */,
			);
			name = TestMap;
			productName = TestMap;
			productReference = 476340E623AB48E900466118 /* TestMap.app */;
			productType = "com.apple.product-type.application";
		};
		4763410023AB6FB900466118 /* Test */ = {
			isa = PBXNativeTarget;
			buildConfigurationList = 4763410E23AB6FB900466118 /* Build configuration list for PBXNativeTarget "Test" */;
			buildPhases = (
				476340FD23AB6FB900466118 /* Sources */,
				476340FE23AB6FB900466118 /* Frameworks */,
				476340FF23AB6FB900466118 /* Resources */,
			);
			buildRules = (
			);
			dependencies = (
			);
			name = Test;
			productName = Test;
			productReference = 4763410123AB6FB900466118 /* Test.appex */;
			productType = "com.apple.product-type.app-extension";
		};
/* End PBXNativeTarget section */

/* Begin PBXProject section */
		476340DE23AB48E900466118 /* Project object */ = {
			isa = PBXProject;
			attributes = {
				LastSwiftUpdateCheck = 1120;
				LastUpgradeCheck = 1120;
				ORGANIZATIONNAME = "김민영";
				TargetAttributes = {
					476340E523AB48E900466118 = {
						CreatedOnToolsVersion = 11.2.1;
					};
					4763410023AB6FB900466118 = {
						CreatedOnToolsVersion = 11.2.1;
					};
				};
			};
			buildConfigurationList = 476340E123AB48E900466118 /* Build configuration list for PBXProject "TestMap" */;
			compatibilityVersion = "Xcode 9.3";
			developmentRegion = en;
			hasScannedForEncodings = 0;
			knownRegions = (
				en,
				Base,
			);
			mainGroup = 476340DD23AB48E900466118;
			productRefGroup = 476340E723AB48E900466118 /* Products */;
			projectDirPath = "";
			projectRoot = "";
			targets = (
				476340E523AB48E900466118 /* TestMap */,
				4763410023AB6FB900466118 /* Test */,
			);
		};
/* End PBXProject section */

/* Begin PBXResourcesBuildPhase section */
		476340E423AB48E900466118 /* Resources */ = {
			isa = PBXResourcesBuildPhase;
			buildActionMask = 2147483647;
			files = (
				476340F623AB48EE00466118 /* LaunchScreen.storyboard in Resources */,
				476340F323AB48ED00466118 /* Assets.xcassets in Resources */,
				476340F123AB48E900466118 /* Main.storyboard in Resources */,
			);
			runOnlyForDeploymentPostprocessing = 0;
		};
		476340FF23AB6FB900466118 /* Resources */ = {
			isa = PBXResourcesBuildPhase;
			buildActionMask = 2147483647;
			files = (
				4763410923AB6FB900466118 /* MainInterface.storyboard in Resources */,
			);
			runOnlyForDeploymentPostprocessing = 0;
		};
/* End PBXResourcesBuildPhase section */

/* Begin PBXShellScriptBuildPhase section */
		50D09EF1A0FF417018040DDD /* [CP] Check Pods Manifest.lock */ = {
			isa = PBXShellScriptBuildPhase;
			buildActionMask = 2147483647;
			files = (
			);
			inputFileListPaths = (
			);
			inputPaths = (
				"${PODS_PODFILE_DIR_PATH}/Podfile.lock",
				"${PODS_ROOT}/Manifest.lock",
			);
			name = "[CP] Check Pods Manifest.lock";
			outputFileListPaths = (
			);
			outputPaths = (
				"$(DERIVED_FILE_DIR)/Pods-TestMap-checkManifestLockResult.txt",
			);
			runOnlyForDeploymentPostprocessing = 0;
			shellPath = /bin/sh;
			shellScript = "diff \"${PODS_PODFILE_DIR_PATH}/Podfile.lock\" \"${PODS_ROOT}/Manifest.lock\" > /dev/null\nif [ $? != 0 ] ; then\n    # print error to STDERR\n    echo \"error: The sandbox is not in sync with the Podfile.lock. Run 'pod install' or update your CocoaPods installation.\" >&2\n    exit 1\nfi\n# This output is used by Xcode 'outputs' to avoid re-running this script phase.\necho \"SUCCESS\" > \"${SCRIPT_OUTPUT_FILE_0}\"\n";
			showEnvVarsInLog = 0;
		};
		DCE62C99B7082CC4519D8CB0 /* [CP] Copy Pods Resources */ = {
			isa = PBXShellScriptBuildPhase;
			buildActionMask = 2147483647;
			files = (
			);
			inputFileListPaths = (
				"${PODS_ROOT}/Target Support Files/Pods-TestMap/Pods-TestMap-resources-${CONFIGURATION}-input-files.xcfilelist",
			);
			name = "[CP] Copy Pods Resources";
			outputFileListPaths = (
				"${PODS_ROOT}/Target Support Files/Pods-TestMap/Pods-TestMap-resources-${CONFIGURATION}-output-files.xcfilelist",
			);
			runOnlyForDeploymentPostprocessing = 0;
			shellPath = /bin/sh;
			shellScript = "\"${PODS_ROOT}/Target Support Files/Pods-TestMap/Pods-TestMap-resources.sh\"\n";
			showEnvVarsInLog = 0;
		};
/* End PBXShellScriptBuildPhase section */

/* Begin PBXSourcesBuildPhase section */
		476340E223AB48E900466118 /* Sources */ = {
			isa = PBXSourcesBuildPhase;
			buildActionMask = 2147483647;
			files = (
				476340EE23AB48E900466118 /* ViewController.swift in Sources */,
				476340EA23AB48E900466118 /* AppDelegate.swift in Sources */,
				476340EC23AB48E900466118 /* SceneDelegate.swift in Sources */,
			);
			runOnlyForDeploymentPostprocessing = 0;
		};
		476340FD23AB6FB900466118 /* Sources */ = {
			isa = PBXSourcesBuildPhase;
			buildActionMask = 2147483647;
			files = (
				4763410623AB6FB900466118 /* TodayViewController.swift in Sources */,
			);
			runOnlyForDeploymentPostprocessing = 0;
		};
/* End PBXSourcesBuildPhase section */

/* Begin PBXTargetDependency section */
		4763410C23AB6FB900466118 /* PBXTargetDependency */ = {
			isa = PBXTargetDependency;
			target = 4763410023AB6FB900466118 /* Test */;
			targetProxy = 4763410B23AB6FB900466118 /* PBXContainerItemProxy */;
		};
/* End PBXTargetDependency section */

/* Begin PBXVariantGroup section */
		476340EF23AB48E900466118 /* Main.storyboard */ = {
			isa = PBXVariantGroup;
			children = (
				476340F023AB48E900466118 /* Base */,
			);
			name = Main.storyboard;
			sourceTree = "<group>";
		};
		476340F423AB48EE00466118 /* LaunchScreen.storyboard */ = {
			isa = PBXVariantGroup;
			children = (
				476340F523AB48EE00466118 /* Base */,
			);
			name = LaunchScreen.storyboard;
			sourceTree = "<group>";
		};
		4763410723AB6FB900466118 /* MainInterface.storyboard */ = {
			isa = PBXVariantGroup;
			children = (
				4763410823AB6FB900466118 /* Base */,
			);
			name = MainInterface.storyboard;
			sourceTree = "<group>";
		};
/* End PBXVariantGroup section */

/* Begin XCBuildConfiguration section */
		476340F823AB48EE00466118 /* Debug */ = {
			isa = XCBuildConfiguration;
			buildSettings = {
				ALWAYS_SEARCH_USER_PATHS = NO;
				CLANG_ANALYZER_NONNULL = YES;
				CLANG_ANALYZER_NUMBER_OBJECT_CONVERSION = YES_AGGRESSIVE;
				CLANG_CXX_LANGUAGE_STANDARD = "gnu++14";
				CLANG_CXX_LIBRARY = "libc++";
				CLANG_ENABLE_MODULES = YES;
				CLANG_ENABLE_OBJC_ARC = YES;
				CLANG_ENABLE_OBJC_WEAK = YES;
				CLANG_WARN_BLOCK_CAPTURE_AUTORELEASING = YES;
				CLANG_WARN_BOOL_CONVERSION = YES;
				CLANG_WARN_COMMA = YES;
				CLANG_WARN_CONSTANT_CONVERSION = YES;
				CLANG_WARN_DEPRECATED_OBJC_IMPLEMENTATIONS = YES;
				CLANG_WARN_DIRECT_OBJC_ISA_USAGE = YES_ERROR;
				CLANG_WARN_DOCUMENTATION_COMMENTS = YES;
				CLANG_WARN_EMPTY_BODY = YES;
				CLANG_WARN_ENUM_CONVERSION = YES;
				CLANG_WARN_INFINITE_RECURSION = YES;
				CLANG_WARN_INT_CONVERSION = YES;
				CLANG_WARN_NON_LITERAL_NULL_CONVERSION = YES;
				CLANG_WARN_OBJC_IMPLICIT_RETAIN_SELF = YES;
				CLANG_WARN_OBJC_LITERAL_CONVERSION = YES;
				CLANG_WARN_OBJC_ROOT_CLASS = YES_ERROR;
				CLANG_WARN_RANGE_LOOP_ANALYSIS = YES;
				CLANG_WARN_STRICT_PROTOTYPES = YES;
				CLANG_WARN_SUSPICIOUS_MOVE = YES;
				CLANG_WARN_UNGUARDED_AVAILABILITY = YES_AGGRESSIVE;
				CLANG_WARN_UNREACHABLE_CODE = YES;
				CLANG_WARN__DUPLICATE_METHOD_MATCH = YES;
				COPY_PHASE_STRIP = NO;
				DEBUG_INFORMATION_FORMAT = dwarf;
				ENABLE_STRICT_OBJC_MSGSEND = YES;
				ENABLE_TESTABILITY = YES;
				GCC_C_LANGUAGE_STANDARD = gnu11;
				GCC_DYNAMIC_NO_PIC = NO;
				GCC_NO_COMMON_BLOCKS = YES;
				GCC_OPTIMIZATION_LEVEL = 0;
				GCC_PREPROCESSOR_DEFINITIONS = (
					"DEBUG=1",
					"$(inherited)",
				);
				GCC_WARN_64_TO_32_BIT_CONVERSION = YES;
				GCC_WARN_ABOUT_RETURN_TYPE = YES_ERROR;
				GCC_WARN_UNDECLARED_SELECTOR = YES;
				GCC_WARN_UNINITIALIZED_AUTOS = YES_AGGRESSIVE;
				GCC_WARN_UNUSED_FUNCTION = YES;
				GCC_WARN_UNUSED_VARIABLE = YES;
				IPHONEOS_DEPLOYMENT_TARGET = 13.2;
				MTL_ENABLE_DEBUG_INFO = INCLUDE_SOURCE;
				MTL_FAST_MATH = YES;
				ONLY_ACTIVE_ARCH = YES;
				SDKROOT = iphoneos;
				SWIFT_ACTIVE_COMPILATION_CONDITIONS = DEBUG;
				SWIFT_OPTIMIZATION_LEVEL = "-Onone";
			};
			name = Debug;
		};
		476340F923AB48EE00466118 /* Release */ = {
			isa = XCBuildConfiguration;
			buildSettings = {
				ALWAYS_SEARCH_USER_PATHS = NO;
				CLANG_ANALYZER_NONNULL = YES;
				CLANG_ANALYZER_NUMBER_OBJECT_CONVERSION = YES_AGGRESSIVE;
				CLANG_CXX_LANGUAGE_STANDARD = "gnu++14";
				CLANG_CXX_LIBRARY = "libc++";
				CLANG_ENABLE_MODULES = YES;
				CLANG_ENABLE_OBJC_ARC = YES;
				CLANG_ENABLE_OBJC_WEAK = YES;
				CLANG_WARN_BLOCK_CAPTURE_AUTORELEASING = YES;
				CLANG_WARN_BOOL_CONVERSION = YES;
				CLANG_WARN_COMMA = YES;
				CLANG_WARN_CONSTANT_CONVERSION = YES;
				CLANG_WARN_DEPRECATED_OBJC_IMPLEMENTATIONS = YES;
				CLANG_WARN_DIRECT_OBJC_ISA_USAGE = YES_ERROR;
				CLANG_WARN_DOCUMENTATION_COMMENTS = YES;
				CLANG_WARN_EMPTY_BODY = YES;
				CLANG_WARN_ENUM_CONVERSION = YES;
				CLANG_WARN_INFINITE_RECURSION = YES;
				CLANG_WARN_INT_CONVERSION = YES;
				CLANG_WARN_NON_LITERAL_NULL_CONVERSION = YES;
				CLANG_WARN_OBJC_IMPLICIT_RETAIN_SELF = YES;
				CLANG_WARN_OBJC_LITERAL_CONVERSION = YES;
				CLANG_WARN_OBJC_ROOT_CLASS = YES_ERROR;
				CLANG_WARN_RANGE_LOOP_ANALYSIS = YES;
				CLANG_WARN_STRICT_PROTOTYPES = YES;
				CLANG_WARN_SUSPICIOUS_MOVE = YES;
				CLANG_WARN_UNGUARDED_AVAILABILITY = YES_AGGRESSIVE;
				CLANG_WARN_UNREACHABLE_CODE = YES;
				CLANG_WARN__DUPLICATE_METHOD_MATCH = YES;
				COPY_PHASE_STRIP = NO;
				DEBUG_INFORMATION_FORMAT = "dwarf-with-dsym";
				ENABLE_NS_ASSERTIONS = NO;
				ENABLE_STRICT_OBJC_MSGSEND = YES;
				GCC_C_LANGUAGE_STANDARD = gnu11;
				GCC_NO_COMMON_BLOCKS = YES;
				GCC_WARN_64_TO_32_BIT_CONVERSION = YES;
				GCC_WARN_ABOUT_RETURN_TYPE = YES_ERROR;
				GCC_WARN_UNDECLARED_SELECTOR = YES;
				GCC_WARN_UNINITIALIZED_AUTOS = YES_AGGRESSIVE;
				GCC_WARN_UNUSED_FUNCTION = YES;
				GCC_WARN_UNUSED_VARIABLE = YES;
				IPHONEOS_DEPLOYMENT_TARGET = 13.2;
				MTL_ENABLE_DEBUG_INFO = NO;
				MTL_FAST_MATH = YES;
				SDKROOT = iphoneos;
				SWIFT_COMPILATION_MODE = wholemodule;
				SWIFT_OPTIMIZATION_LEVEL = "-O";
				VALIDATE_PRODUCT = YES;
			};
			name = Release;
		};
		476340FB23AB48EE00466118 /* Debug */ = {
			isa = XCBuildConfiguration;
			baseConfigurationReference = F75DC5731EFD95805CCD1736 /* Pods-TestMap.debug.xcconfig */;
			buildSettings = {
				ALWAYS_EMBED_SWIFT_STANDARD_LIBRARIES = YES;
				ASSETCATALOG_COMPILER_APPICON_NAME = AppIcon;
				CODE_SIGN_ENTITLEMENTS = TestMap/TestMap.entitlements;
				CODE_SIGN_STYLE = Automatic;
				DEVELOPMENT_TEAM = PA8K389HDA;
				INFOPLIST_FILE = TestMap/Info.plist;
				LD_RUNPATH_SEARCH_PATHS = (
					"$(inherited)",
					"@executable_path/Frameworks",
				);
				PRODUCT_BUNDLE_IDENTIFIER = com.kmy.TestMap;
				PRODUCT_NAME = "$(TARGET_NAME)";
				SWIFT_VERSION = 5.0;
				TARGETED_DEVICE_FAMILY = "1,2";
			};
			name = Debug;
		};
		476340FC23AB48EE00466118 /* Release */ = {
			isa = XCBuildConfiguration;
			baseConfigurationReference = 32E14B0A9CF852392B29974E /* Pods-TestMap.release.xcconfig */;
			buildSettings = {
				ALWAYS_EMBED_SWIFT_STANDARD_LIBRARIES = YES;
				ASSETCATALOG_COMPILER_APPICON_NAME = AppIcon;
				CODE_SIGN_ENTITLEMENTS = TestMap/TestMap.entitlements;
				CODE_SIGN_STYLE = Automatic;
				DEVELOPMENT_TEAM = PA8K389HDA;
				INFOPLIST_FILE = TestMap/Info.plist;
				LD_RUNPATH_SEARCH_PATHS = (
					"$(inherited)",
					"@executable_path/Frameworks",
				);
				PRODUCT_BUNDLE_IDENTIFIER = com.kmy.TestMap;
				PRODUCT_NAME = "$(TARGET_NAME)";
				SWIFT_VERSION = 5.0;
				TARGETED_DEVICE_FAMILY = "1,2";
			};
			name = Release;
		};
		4763410F23AB6FB900466118 /* Debug */ = {
			isa = XCBuildConfiguration;
			buildSettings = {
				CODE_SIGN_STYLE = Automatic;
				DEVELOPMENT_TEAM = PA8K389HDA;
				INFOPLIST_FILE = Test/Info.plist;
				LD_RUNPATH_SEARCH_PATHS = (
					"$(inherited)",
					"@executable_path/Frameworks",
					"@executable_path/../../Frameworks",
				);
				PRODUCT_BUNDLE_IDENTIFIER = com.kmy.TestMap.Test;
				PRODUCT_NAME = "$(TARGET_NAME)";
				SKIP_INSTALL = YES;
				SWIFT_VERSION = 5.0;
				TARGETED_DEVICE_FAMILY = "1,2";
			};
			name = Debug;
		};
		4763411023AB6FB900466118 /* Release */ = {
			isa = XCBuildConfiguration;
			buildSettings = {
				CODE_SIGN_STYLE = Automatic;
				DEVELOPMENT_TEAM = PA8K389HDA;
				INFOPLIST_FILE = Test/Info.plist;
				LD_RUNPATH_SEARCH_PATHS = (
					"$(inherited)",
					"@executable_path/Frameworks",
					"@executable_path/../../Frameworks",
				);
				PRODUCT_BUNDLE_IDENTIFIER = com.kmy.TestMap.Test;
				PRODUCT_NAME = "$(TARGET_NAME)";
				SKIP_INSTALL = YES;
				SWIFT_VERSION = 5.0;
				TARGETED_DEVICE_FAMILY = "1,2";
			};
			name = Release;
		};
/* End XCBuildConfiguration section */

/* Begin XCConfigurationList section */
		476340E123AB48E900466118 /* Build configuration list for PBXProject "TestMap" */ = {
			isa = XCConfigurationList;
			buildConfigurations = (
				476340F823AB48EE00466118 /* Debug */,
				476340F923AB48EE00466118 /* Release */,
			);
			defaultConfigurationIsVisible = 0;
			defaultConfigurationName = Release;
		};
		476340FA23AB48EE00466118 /* Build configuration list for PBXNativeTarget "TestMap" */ = {
			isa = XCConfigurationList;
			buildConfigurations = (
				476340FB23AB48EE00466118 /* Debug */,
				476340FC23AB48EE00466118 /* Release */,
			);
			defaultConfigurationIsVisible = 0;
			defaultConfigurationName = Release;
		};
		4763410E23AB6FB900466118 /* Build configuration list for PBXNativeTarget "Test" */ = {
			isa = XCConfigurationList;
			buildConfigurations = (
				4763410F23AB6FB900466118 /* Debug */,
				4763411023AB6FB900466118 /* Release */,
			);
			defaultConfigurationIsVisible = 0;
			defaultConfigurationName = Release;
		};
/* End XCConfigurationList section */
	};
	rootObject = 476340DE23AB48E900466118 /* Project object */;
}
